
Microsoft Visual Studio Solution File, Format Version 12.00
# Visual Studio 15
VisualStudioVersion = 15.0.27130.2027
MinimumVisualStudioVersion = 10.0.40219.1
Project("{FAE04EC0-301F-11D3-BF4B-00C04F79EFBC}") = "Alien World", "Alien World\Alien World.csproj", "{F03CB098-D316-49D2-98B0-16620D0D91DA}"
EndProject
Project("{FAE04EC0-301F-11D3-BF4B-00C04F79EFBC}") = "Engine", "Engine\Engine.csproj", "{59E7377C-C17E-43F0-8A5A-51F7A9173045}"
EndProject
Global
	GlobalSection(SolutionConfigurationPlatforms) = preSolution
		Debug|Any CPU = Debug|Any CPU
		Debug|x64 = Debug|x64
		Debug|x86 = Debug|x86
		Release|Any CPU = Release|Any CPU
		Release|x64 = Release|x64
		Release|x86 = Release|x86
	EndGlobalSection
	GlobalSection(ProjectConfigurationPlatforms) = postSolution
		{F03CB098-D316-49D2-98B0-16620D0D91DA}.Debug|Any CPU.ActiveCfg = Debug|Any CPU
		{F03CB098-D316-49D2-98B0-16620D0D91DA}.Debug|Any CPU.Build.0 = Debug|Any CPU
		{F03CB098-D316-49D2-98B0-16620D0D91DA}.Debug|x64.ActiveCfg = Debug|Any CPU
		{F03CB098-D316-49D2-98B0-16620D0D91DA}.Debug|x64.Build.0 = Debug|Any CPU
		{F03CB098-D316-49D2-98B0-16620D0D91DA}.Debug|x86.ActiveCfg = Debug|Any CPU
		{F03CB098-D316-49D2-98B0-16620D0D91DA}.Debug|x86.Build.0 = Debug|Any CPU
		{F03CB098-D316-49D2-98B0-16620D0D91DA}.Release|Any CPU.ActiveCfg = Release|Any CPU
		{F03CB098-D316-49D2-98B0-16620D0D91DA}.Release|Any CPU.Build.0 = Release|Any CPU
		{F03CB098-D316-49D2-98B0-16620D0D91DA}.Release|x64.ActiveCfg = Release|Any CPU
		{F03CB098-D316-49D2-98B0-16620D0D91DA}.Release|x64.Build.0 = Release|Any CPU
		{F03CB098-D316-49D2-98B0-16620D0D91DA}.Release|x86.ActiveCfg = Release|Any CPU
		{F03CB098-D316-49D2-98B0-16620D0D91DA}.Release|x86.Build.0 = Release|Any CPU
		{59E7377C-C17E-43F0-8A5A-51F7A9173045}.Debug|Any CPU.ActiveCfg = Debug|Any CPU
		{59E7377C-C17E-43F0-8A5A-51F7A9173045}.Debug|Any CPU.Build.0 = Debug|Any CPU
		{59E7377C-C17E-43F0-8A5A-51F7A9173045}.Debug|x64.ActiveCfg = Debug|Any CPU
		{59E7377C-C17E-43F0-8A5A-51F7A9173045}.Debug|x64.Build.0 = Debug|Any CPU
		{59E7377C-C17E-43F0-8A5A-51F7A9173045}.Debug|x86.ActiveCfg = Debug|Any CPU
		{59E7377C-C17E-43F0-8A5A-51F7A9173045}.Debug|x86.Build.0 = Debug|Any CPU
		{59E7377C-C17E-43F0-8A5A-51F7A9173045}.Release|Any CPU.ActiveCfg = Release|Any CPU
		{59E7377C-C17E-43F0-8A5A-51F7A9173045}.Release|Any CPU.Build.0 = Release|Any CPU
		{59E7377C-C17E-43F0-8A5A-51F7A9173045}.Release|x64.ActiveCfg = Release|Any CPU
		{59E7377C-C17E-43F0-8A5A-51F7A9173045}.Release|x64.Build.0 = Release|Any CPU
		{59E7377C-C17E-43F0-8A5A-51F7A9173045}.Release|x86.ActiveCfg = Release|Any CPU
		{59E7377C-C17E-43F0-8A5A-51F7A9173045}.Release|x86.Build.0 = Release|Any CPU
	EndGlobalSection
	GlobalSection(SolutionProperties) = preSolution
		HideSolutionNode = FALSE
	EndGlobalSection
	GlobalSection(ExtensibilityGlobals) = postSolution
		SolutionGuid = {764AEA9B-CB45-4861-B734-F561196CF93A}
	EndGlobalSection
EndGlobal
